# This file is @generated by PDM.
# It is not intended for manual editing.

[metadata]
groups = ["default", "dev"]
strategy = []
lock_version = "4.5.0"
content_hash = "sha256:cef418058409d3cf2c5a85c71d7b63613592c5a2aab9f42d07ce0973e52bde72"

[[metadata.targets]]
requires_python = "~=3.11"

[[package]]
name = "click"
version = "8.4.1"
summary = ""
dependencies = [
    "colorama; sys_platform == \"win32\"",
]
files = [
    {file = "click-8.4.1-py3-none-any.whl", hash = "sha256:482be17c6991b8c19c5429a1e995d9b0efdbb63172824c41f99965dc0ade8ec2"},
    {file = "click-8.4.1.tar.gz", hash = "sha256:918b5633eddf6b41c32d4f454bf0de810065c74e3f7dbf8ee5452f8be88d3e96"},
]

[[package]]
name = "colorama"
version = "0.4.6"
summary = ""
files = [
    {file = "colorama-0.4.6-py2.py3-none-any.whl", hash = "sha256:4f1d9991f5acc0ca119f9d443620b77f9d6b33703e51011c16baf57afb285fc6"},
    {file = "colorama-0.4.6.tar.gz", hash = "sha256:08695f5cb7ed6e0531a20572697297273c47b8cae5a63ffc6d6ed5c201be6e44"},
]

[[package]]
name = "gprof2dot"
version = "2025.4.14"
summary = ""
files = [
    {file = "gprof2dot-2025.4.14-py3-none-any.whl", hash = "sha256:0742e4c0b4409a5e8777e739388a11e1ed3750be86895655312ea7c20bd0090e"},
    {file = "gprof2dot-2025.4.14.tar.gz", hash = "sha256:35743e2d2ca027bf48fa7cba37021aaf4a27beeae1ae8e05a50b55f1f921a6ce"},
]

[[package]]
name = "iniconfig"
version = "2.3.0"
summary = ""
files = [
    {file = "iniconfig-2.3.0-py3-none-any.whl", hash = "sha256:f631c04d2c48c52b84d0d0549c99ff3859c98df65b3101406327ecc7d53fbf12"},
    {file = "iniconfig-2.3.0.tar.gz", hash = "sha256:c76315c77db068650d49c5b56314774a7804df16fee4402c1f19d6d15d8c4730"},
]

[[package]]
name = "joblib"
version = "1.5.3"
summary = ""
files = [
    {file = "joblib-1.5.3-py3-none-any.whl", hash = "sha256:5fc3c5039fc5ca8c0276333a188bbd59d6b7ab37fe6632daa76bc7f9ec18e713"},
    {file = "joblib-1.5.3.tar.gz", hash = "sha256:8561a3269e6801106863fd0d6d84bb737be9e7631e33aaed3fb9ce5953688da3"},
]

[[package]]
name = "lxml"
version = "6.1.1"
summary = ""
files = [
    {file = "lxml-6.1.1-cp311-cp311-macosx_10_9_universal2.whl", hash = "sha256:53b7d2b7a10b1c35c0a5e21e9224accf60c1bbfba523990732e521b2b73adef2"},
    {file = "lxml-6.1.1-cp311-cp311-macosx_10_9_x86_64.whl", hash = "sha256:ff3f333630ab480244a1bff72043e511a91eb22e7595dead8653ee5612dd8f3d"},
    {file = "lxml-6.1.1-cp311-cp311-manylinux2014_aarch64.manylinux_2_17_aarch64.whl", hash = "sha256:a4bbea04c97f6d78a48e3fbc1cb9116d2780b1b39e03a23f6eb9b603fd61f510"},
    {file = "lxml-6.1.1-cp311-cp311-manylinux2014_x86_64.manylinux_2_17_x86_64.whl", hash = "sha256:db1d75f6617a49c1c01bc7023713e0ff59ab32c9579ae62a7674c0e34f3b0b0a"},
    {file = "lxml-6.1.1-cp311-cp311-manylinux_2_26_aarch64.manylinux_2_28_aarch64.whl", hash = "sha256:3a12689be69a28ddaa0ab99a5a1137da2afd5f8f16df7b5680b66f616d3eda1d"},
    {file = "lxml-6.1.1-cp311-cp311-manylinux_2_26_x86_64.manylinux_2_28_x86_64.whl", hash = "sha256:18b73c339ae29b90fd2d06e58ebd555a751bde9cd6bbd36cc0281b9a2c94e9d8"},
    {file = "lxml-6.1.1-cp311-cp311-manylinux_2_28_i686.whl", hash = "sha256:752d3bbfe874715ccd0aec7f88d7fc623c0f1fd7aa7b3238a084e017bad2a009"},
    {file = "lxml-6.1.1-cp311-cp311-manylinux_2_31_armv7l.whl", hash = "sha256:6b1761fbf9ec984e2e9d9c589ef5f5fd684b7c19f92aadd567a26c5224958db6"},
    {file = "lxml-6.1.1-cp311-cp311-manylinux_2_38_riscv64.manylinux_2_39_riscv64.whl", hash = "sha256:d680fbcb768404c601ecb43519ecd8461f6954cb11c06a78962f666832ccfca8"},
    {file = "lxml-6.1.1-cp311-cp311-musllinux_1_2_aarch64.whl", hash = "sha256:162af1091cd785f2f27e62d3547ae9bc58ec5c86dd314d67021fd02463708d83"},
    {file = "lxml-6.1.1-cp311-cp311-musllinux_1_2_armv7l.whl", hash = "sha256:e9308ff8241c532df3f3e570f9a5aeed6c853f888512ba4b75638d7c11c95ef6"},
    {file = "lxml-6.1.1-cp311-cp311-musllinux_1_2_riscv64.whl", hash = "sha256:5f6994074ebae6ffb04447268e37dc16edc304f9859cf91acb86e0af6c1b395c"},
    {file = "lxml-6.1.1-cp311-cp311-musllinux_1_2_x86_64.whl", hash = "sha256:80c2dfadb855da477cf73373ad29a333535dedb9b12bad02c9814c8e2b43bf08"},
    {file = "lxml-6.1.1-cp311-cp311-win32.whl", hash = "sha256:30a89d3ac8faec007453fb541f3f46807eeec88edd5826f6e3fe001752a2c621"},
    {file = "lxml-6.1.1-cp311-cp311-win_amd64.whl", hash = "sha256:abbefa31eee84842140f67acef1c828e28bba8bbf0c3bc6e5492a9af88152c28"},
    {file = "lxml-6.1.1-cp311-cp311-win_arm64.whl", hash = "sha256:dcb292aa7fe485ceff7af4f92e46c5af397daec5dff64871a528f0fc47a3cc5b"},
    {file = "lxml-6.1.1-cp312-cp312-macosx_10_13_universal2.whl", hash = "sha256:104c09bda8d2a562824c0e319d0768ce26a779b7601e0931d33b09b53c392ef7"},
    {file = "lxml-6.1.1-cp312-cp312-macosx_10_13_x86_64.whl", hash = "sha256:25c6997a9a534e016695a0ba06b2f07945de682731ff01065b6d5a4474179da1"},
    {file = "lxml-6.1.1-cp312-cp312-manylinux2014_aarch64.manylinux_2_17_aarch64.whl", hash = "sha256:c921ba5c51e4e9f63b8b00267d06566e1f63407408a0496da2d1d0bfc819c7fc"},
    {file = "lxml-6.1.1-cp312-cp312-manylinux2014_x86_64.manylinux_2_17_x86_64.whl", hash = "sha256:54a7f95e4de5fb94e2f9f4b9055c6ba33bf3d628fd77a1d647c5923caa2cdcdc"},
    {file = "lxml-6.1.1-cp312-cp312-manylinux_2_26_aarch64.manylinux_2_28_aarch64.whl", hash = "sha256:96f2ec43df44b1f76249ee0a615334f9b5b060e1c8bd90e706dad2d14d02f383"},
    {file = "lxml-6.1.1-cp312-cp312-manylinux_2_26_ppc64le.manylinux_2_28_ppc64le.whl", hash = "sha256:70ef8a7e102a1508f8121aae5b0867abd663f72c14f0a9c937e6554cb4587b7b"},
    {file = "lxml-6.1.1-cp312-cp312-manylinux_2_26_x86_64.manylinux_2_28_x86_64.whl", hash = "sha256:ebe6af670449830d6d9b752c256a983291c766a1365ba5d5460048f9e33a7818"},
    {file = "lxml-6.1.1-cp312-cp312-manylinux_2_28_i686.whl", hash = "sha256:27acc820660aaffa4f7c087f29120e12980f7779d56d8492d263170111284740"},
    {file = "lxml-6.1.1-cp312-cp312-manylinux_2_31_armv7l.whl", hash = "sha256:1db753c9115ec7100d073b744d17e25e88a8f90f5c39b2f5dd878149af59671f"},
    {file = "lxml-6.1.1-cp312-cp312-manylinux_2_38_riscv64.manylinux_2_39_riscv64.whl", hash = "sha256:c4f469aebd783bb741c2ecb2a681008fd26bfe5c16a9a72ed5467f834e810df2"},
    {file = "lxml-6.1.1-cp312-cp312-musllinux_1_2_aarch64.whl", hash = "sha256:766b010012d59470072c1816b5b6c69f1d243e5db36ea5968e94accf430a4635"},
    {file = "lxml-6.1.1-cp312-cp312-musllinux_1_2_armv7l.whl", hash = "sha256:b8d812c6011c08b8111a15e54dd990b8923692d80adf35488bee34026c35accf"},
    {file = "lxml-6.1.1-cp312-cp312-musllinux_1_2_ppc64le.whl", hash = "sha256:fe0306bd29505a9177aac19f1877174b0e7422c222a59f70b2cd41633448c3dc"},
    {file = "lxml-6.1.1-cp312-cp312-musllinux_1_2_riscv64.whl", hash = "sha256:5ba186ad207446c65d3bb3d3e0412b032b1d9f595e59861e2354798c5703d955"},
    {file = "lxml-6.1.1-cp312-cp312-musllinux_1_2_x86_64.whl", hash = "sha256:aa366a1e55b8ebfe8ca8ddc3cfe75c8ebade181aeb0f661d0cb05986b647f72a"},
    {file = "lxml-6.1.1-cp312-cp312-win32.whl", hash = "sha256:126c93f7f56f0eda92f6d8c619edc463a4f23d9252f1c9d0405a76f25fa9f11a"},
    {file = "lxml-6.1.1-cp312-cp312-win_amd64.whl", hash = "sha256:26e6eda8d38c1fcab1090dd196ee87cbd13788e531937610e2589085de074e77"},
    {file = "lxml-6.1.1-cp312-cp312-win_arm64.whl", hash = "sha256:6540377fbd53fe1b629172288c464fb18db11ce1fa7dc15891da10aa9dcc3e7f"},
    {file = "lxml-6.1.1-cp313-cp313-macosx_10_13_universal2.whl", hash = "sha256:68a9198d0fc122d14bb76837de9aa80cf84caed990b5b237f532ed87d3706736"},
    {file = "lxml-6.1.1-cp313-cp313-macosx_10_13_x86_64.whl", hash = "sha256:7d47866cb32fb503450b6edc9df355d10dc49836af2e89901bd6ac6b0896d9d9"},
    {file = "lxml-6.1.1-cp313-cp313-manylinux2014_aarch64.manylinux_2_17_aarch64.whl", hash = "sha256:eb7c9811bfaa8b1ed5ed319f5d370dfbcaa59d52ea64be2a5a85e18195930354"},
    {file = "lxml-6.1.1-cp313-cp313-manylinux2014_x86_64.manylinux_2_17_x86_64.whl", hash = "sha256:762ff394d5bd56da0cf034a23dcce4e13923f15321a2adfa2ac00201dc6d3fca"},
    {file = "lxml-6.1.1-cp313-cp313-manylinux_2_26_aarch64.manylinux_2_28_aarch64.whl", hash = "sha256:a088f287f7d8275a33c07f2cac6c50b9319309a0200a39e7e75d80c707723099"},
    {file = "lxml-6.1.1-cp313-cp313-manylinux_2_26_ppc64le.manylinux_2_28_ppc64le.whl", hash = "sha256:e902da4b04e6b52e5893900d4b8ab46068f75f3561f01bf1080957f9fd932ed6"},
    {file = "lxml-6.1.1-cp313-cp313-manylinux_2_26_x86_64.manylinux_2_28_x86_64.whl", hash = "sha256:1d4962d4c66bf830a7e59ed6cfc17d148149898a3aefa8ec6e59763e6e3ed085"},
    {file = "lxml-6.1.1-cp313-cp313-manylinux_2_28_i686.whl", hash = "sha256:581d4c8ae690a6609e64862dd6b7c2489635c2d13907fc2b20f2bc200ff1d21e"},
    {file = "lxml-6.1.1-cp313-cp313-manylinux_2_31_armv7l.whl", hash = "sha256:876e1ff5930ed8bf295ec5ef9a8155e9b6b1876bbf1deed8b3a8069311875a8f"},
    {file = "lxml-6.1.1-cp313-cp313-manylinux_2_38_riscv64.manylinux_2_39_riscv64.whl", hash = "sha256:9eb9b5a968f6e0f6d640092a567e14529ff8cea2e29d00da6f78a79fa49f013c"},
    {file = "lxml-6.1.1-cp313-cp313-musllinux_1_2_aarch64.whl", hash = "sha256:aa49e06d94aba782c6a02eecb7e507969e7e7a41b267f1b359bb35585f295d5b"},
    {file = "lxml-6.1.1-cp313-cp313-musllinux_1_2_armv7l.whl", hash = "sha256:70cdfd80589d59e43e18005dd7244e8895e93db8ab6a620b7e23df5445a4e3d2"},
    {file = "lxml-6.1.1-cp313-cp313-musllinux_1_2_ppc64le.whl", hash = "sha256:aad9aa39483ed8ec44d6d2e59e5b98a0d80676ef0d92f44bfc374836111f62f5"},
    {file = "lxml-6.1.1-cp313-cp313-musllinux_1_2_riscv64.whl", hash = "sha256:d49514be2f28d895c38cf9d2b72d7b9a07d00314519f456c0b50b53cfcf4c785"},
    {file = "lxml-6.1.1-cp313-cp313-musllinux_1_2_x86_64.whl", hash = "sha256:47402e62c52ff5988c1e8c6c63177f5708bccf48e366dea4e3dcf1e645e04947"},
    {file = "lxml-6.1.1-cp313-cp313-win32.whl", hash = "sha256:3483644525531e1d5762b0c44a8e18b6efba321b6dcf8a8952de10b037618bca"},
    {file = "lxml-6.1.1-cp313-cp313-win_amd64.whl", hash = "sha256:a10bd2fd62e8ce916ececb342f348f190724a098c1faa056fdfb2a22ad5e8660"},
    {file = "lxml-6.1.1-cp313-cp313-win_arm64.whl", hash = "sha256:424aa57aca0897eb922aef34395bd1289b3b6f04e6bae20ea123c0c7e333cffc"},
    {file = "lxml-6.1.1-cp314-cp314-macosx_10_15_universal2.whl", hash = "sha256:19b7ab10b210b0b3ad7985d9ac4eb66ab09a90b20fe6e2f7ba55d01a234345d0"},
    {file = "lxml-6.1.1-cp314-cp314-macosx_10_15_x86_64.whl", hash = "sha256:c08e5c694306507275f2290073350c4f32e383db15213b2c69e7ff39c1193840"},
    {file = "lxml-6.1.1-cp314-cp314-manylinux2014_aarch64.manylinux_2_17_aarch64.whl", hash = "sha256:74a9717fd0d82effef5c2854f0d917231d5324b5a3eb7275c43ac9fa32f97a14"},
    {file = "lxml-6.1.1-cp314-cp314-manylinux2014_x86_64.manylinux_2_17_x86_64.whl", hash = "sha256:efe0374196335f93b53269acd811b944f2e6bdc88e8894f214bd636455484909"},
    {file = "lxml-6.1.1-cp314-cp314-manylinux_2_26_aarch64.manylinux_2_28_aarch64.whl", hash = "sha256:ac931cdc9442c1763b8a8f6cd62c0c938737eafc5be75eff88df55fc73bc0d00"},
    {file = "lxml-6.1.1-cp314-cp314-manylinux_2_26_ppc64le.manylinux_2_28_ppc64le.whl", hash = "sha256:aee395f5d0927f947758b4ec119fd5fc8ec71f07a1c5c52077b30b04c0fa6955"},
    {file = "lxml-6.1.1-cp314-cp314-manylinux_2_26_x86_64.manylinux_2_28_x86_64.whl", hash = "sha256:9395002973c827b3ed67db77e6ec09f092919a587022174554096a269378fb13"},
    {file = "lxml-6.1.1-cp314-cp314-manylinux_2_28_i686.whl", hash = "sha256:73bc2086f141224ebddb7fc5c6a36ca58b31b94b561e1dfe8e073e3270fad1e7"},
    {file = "lxml-6.1.1-cp314-cp314-manylinux_2_31_armv7l.whl", hash = "sha256:3779def59032b81e44a5f70096ef6bf2082f8d901937dca354474ba09782e245"},
    {file = "lxml-6.1.1-cp314-cp314-manylinux_2_38_riscv64.manylinux_2_39_riscv64.whl", hash = "sha256:86c89b9d55ebf820ad7c90bc533410f0d098054f293351f10603c0c46ff598f5"},
    {file = "lxml-6.1.1-cp314-cp314-musllinux_1_2_aarch64.whl", hash = "sha256:19607c6bbff2a44cf3fe8250abccd20942d3462473e0a721d01d379ed017e462"},
    {file = "lxml-6.1.1-cp314-cp314-musllinux_1_2_armv7l.whl", hash = "sha256:c6ed5141a5c7507cf3ee76bd363b0d6f801e3321adc35b5d825a23115faa5465"},
    {file = "lxml-6.1.1-cp314-cp314-musllinux_1_2_ppc64le.whl", hash = "sha256:62aeb7e85b5d60320b9d77eef2e773994e2c0ce10121b277e0a19804e1654a5a"},
    {file = "lxml-6.1.1-cp314-cp314-musllinux_1_2_riscv64.whl", hash = "sha256:b1b963fd8f5caa68e99dfae060d54de1fe9cba899b8718b44a00cdca53c3e590"},
    {file = "lxml-6.1.1-cp314-cp314-musllinux_1_2_x86_64.whl", hash = "sha256:63876be28efefa04a1df615b46770e82042cce445cfdce55160522f57b231ccb"},
    {file = "lxml-6.1.1-cp314-cp314-win32.whl", hash = "sha256:7f7a92e8583f06b1fd49d01158143b8461cfcd135dcb10ec807270a3051bd603"},
    {file = "lxml-6.1.1-cp314-cp314-win_amd64.whl", hash = "sha256:b2d444f2e66624d68e9c6b211e28a76e22fff5fcabcfff4deac18b529b7d4137"},
    {file = "lxml-6.1.1-cp314-cp314-win_arm64.whl", hash = "sha256:3fd9728a2735fda14f4e8235830c86b539e9661e849665bf926d3f867943b4bf"},
    {file = "lxml-6.1.1-cp314-cp314t-macosx_10_15_universal2.whl", hash = "sha256:787b2496d0dbe8cd180984e8d29e3a6f76e7ea34db781cb3bd55e4ba1ef8b4ee"},
    {file = "lxml-6.1.1-cp314-cp314t-macosx_10_15_x86_64.whl", hash = "sha256:2c8daa471358dc2d6fcf02165e80ec68f77871a286df95bc5cc3816153b0fd2c"},
    {file = "lxml-6.1.1-cp314-cp314t-manylinux2014_aarch64.manylinux_2_17_aarch64.whl", hash = "sha256:acd7d70b64c0aae0c7922cca83d288a16f5f6da523637697872253415269baef"},
    {file = "lxml-6.1.1-cp314-cp314t-manylinux2014_x86_64.manylinux_2_17_x86_64.whl", hash = "sha256:4f0dd2f01f9f8a89f565d000e03abcf0a13d692a346c8d22f628d49af098777a"},
    {file = "lxml-6.1.1-cp314-cp314t-manylinux_2_26_aarch64.manylinux_2_28_aarch64.whl", hash = "sha256:0b7e8a14c8634bf6f7a568634cb395305a6d964aeb5b7ee32248094bed3a7e2c"},
    {file = "lxml-6.1.1-cp314-cp314t-manylinux_2_26_ppc64le.manylinux_2_28_ppc64le.whl", hash = "sha256:86281fbdd6a8162756f8d603f37e3435bfa38043adb79c6dc6a2dfee065e7525"},
    {file = "lxml-6.1.1-cp314-cp314t-manylinux_2_26_x86_64.manylinux_2_28_x86_64.whl", hash = "sha256:c5d7152ec39ca7c402d8fb9bad86140a15b9503bd0c54484e3f1bbe3dd37ceca"},
    {file = "lxml-6.1.1-cp314-cp314t-manylinux_2_28_i686.whl", hash = "sha256:88d8cb75b9d82858497a5393e3c63cfbf03035225e4b35a49ed7ccb151e4dc0e"},
    {file = "lxml-6.1.1-cp314-cp314t-manylinux_2_31_armv7l.whl", hash = "sha256:f64ec5397ea6a41fc1b4af0380d79b44a755b5531dcaccd9940fb260dca93038"},
    {file = "lxml-6.1.1-cp314-cp314t-manylinux_2_38_riscv64.manylinux_2_39_riscv64.whl", hash = "sha256:d34bbf07dbc7ca5970671b1512e928991fb5e9d95365636c9b2d8b4f53af405e"},
    {file = "lxml-6.1.1-cp314-cp314t-musllinux_1_2_aarch64.whl", hash = "sha256:17e0e18d4ad8adbd0399291bc44845b69d9dd68439a3cdebdf35ff902ec05072"},
    {file = "lxml-6.1.1-cp314-cp314t-musllinux_1_2_armv7l.whl", hash = "sha256:3ab541146f1f6968c462d6c2ac495148e8cdba2f8347700b2141b6ec5a75bf52"},
    {file = "lxml-6.1.1-cp314-cp314t-musllinux_1_2_ppc64le.whl", hash = "sha256:2a0217714657e023ef4293500f65aa20fce6164c8fd6b08fa5bd4a859fb14b9b"},
    {file = "lxml-6.1.1-cp314-cp314t-musllinux_1_2_riscv64.whl", hash = "sha256:05a82eb6e1530a64f26225b55cbd178113bd0b5af1c2b625f25e5296742c26d2"},
    {file = "lxml-6.1.1-cp314-cp314t-musllinux_1_2_x86_64.whl", hash = "sha256:9e36f163528fc50cbef305f02a5fd66d404edf7049cdaff211dbc2cba5a7013e"},
    {file = "lxml-6.1.1-cp314-cp314t-win32.whl", hash = "sha256:649dda677cf3bd6ac9ae14007ba0c824ded8ce5808b53fc7431d9140399118c1"},
    {file = "lxml-6.1.1-cp314-cp314t-win_amd64.whl", hash = "sha256:793033d6c5cdf33a573f910d9bea14ef8f5771820411d118da8e1182edb53d5e"},
    {file = "lxml-6.1.1-cp314-cp314t-win_arm64.whl", hash = "sha256:58bb955caba94e467d2a96da17660d2d704e0675894cba21ab8a775b8621fd1c"},
    {file = "lxml-6.1.1-pp311-pypy311_pp73-macosx_10_15_x86_64.whl", hash = "sha256:31033dc34636ea6b7d5cc11b1ddbda78a14de858ba9d3e1ed4b69a3085bc521e"},
    {file = "lxml-6.1.1-pp311-pypy311_pp73-manylinux2014_aarch64.manylinux_2_17_aarch64.whl", hash = "sha256:3893c14c4b6ac5b2d54ba8cf03e99fe5104e592de491f19bd6b82756c09f8004"},
    {file = "lxml-6.1.1-pp311-pypy311_pp73-manylinux2014_x86_64.manylinux_2_17_x86_64.whl", hash = "sha256:c07da4cebf6889f03ebac8d238f62318e29f495de0aa18a51ea14e61ae907e2e"},
    {file = "lxml-6.1.1-pp311-pypy311_pp73-manylinux_2_26_aarch64.manylinux_2_28_aarch64.whl", hash = "sha256:f6f0ce10945fab9c4c06ce14e22af9059d1a87493a9af4501a5b0b9187e21cf2"},
    {file = "lxml-6.1.1-pp311-pypy311_pp73-manylinux_2_26_x86_64.manylinux_2_28_x86_64.whl", hash = "sha256:f8844cd288697c6425c9beba919302241e3278871dc6519515e72b04e987abcf"},
    {file = "lxml-6.1.1-pp311-pypy311_pp73-win_amd64.whl", hash = "sha256:ed21202aec73cda4d55d1ce57b389aadb90ffb044e6cd1080b8347efe1b1ec84"},
    {file = "lxml-6.1.1.tar.gz", hash = "sha256:ba96ae44888e0185281e937633a743ea90d5a196c6000f82565ebb0580012d40"},
]

[[package]]
name = "nltk"
version = "3.9.4"
summary = ""
dependencies = [
    "click",
    "joblib",
    "regex",
    "tqdm",
]
files = [
    {file = "nltk-3.9.4-py3-none-any.whl", hash = "sha256:f2fa301c3a12718ce4a0e9305c5675299da5ad9e26068218b69d692fda84828f"},
    {file = "nltk-3.9.4.tar.gz", hash = "sha256:ed03bc098a40481310320808b2db712d95d13ca65b27372f8a403949c8b523d0"},
]

[[package]]
name = "packaging"
version = "26.2"
summary = ""
files = [
    {file = "packaging-26.2-py3-none-any.whl", hash = "sha256:5fc45236b9446107ff2415ce77c807cee2862cb6fac22b8a73826d0693b0980e"},
    {file = "packaging-26.2.tar.gz", hash = "sha256:ff452ff5a3e828ce110190feff1178bb1f2ea2281fa2075aadb987c2fb221661"},
]

[[package]]
name = "pluggy"
version = "1.6.0"
summary = ""
files = [
    {file = "pluggy-1.6.0-py3-none-any.whl", hash = "sha256:e920276dd6813095e9377c0bc5566d94c932c33b27a3e3945d8389c374dd4746"},
    {file = "pluggy-1.6.0.tar.gz", hash = "sha256:7dcc130b76258d33b90f61b658791dede3486c3e6bfb003ee5c9bfb396dd22f3"},
]

[[package]]
name = "pygments"
version = "2.20.0"
summary = ""
files = [
    {file = "pygments-2.20.0-py3-none-any.whl", hash = "sha256:81a9e26dd42fd28a23a2d169d86d7ac03b46e2f8b59ed4698fb4785f946d0176"},
    {file = "pygments-2.20.0.tar.gz", hash = "sha256:6757cd03768053ff99f3039c1a36d6c0aa0b263438fcab17520b30a303a82b5f"},
]

[[package]]
name = "pytest"
version = "9.0.3"
summary = ""
dependencies = [
    "colorama; sys_platform == \"win32\"",
    "iniconfig",
    "packaging",
    "pluggy",
    "pygments",
]
files = [
    {file = "pytest-9.0.3-py3-none-any.whl", hash = "sha256:2c5efc453d45394fdd706ade797c0a81091eccd1d6e4bccfcd476e2b8e0ab5d9"},
    {file = "pytest-9.0.3.tar.gz", hash = "sha256:b86ada508af81d19edeb213c681b1d48246c1a91d304c6c81a427674c17eb91c"},
]

[[package]]
name = "pytest-profiling"
version = "1.8.1"
summary = ""
dependencies = [
    "gprof2dot",
    "pytest",
    "six",
]
files = [
    {file = "pytest-profiling-1.8.1.tar.gz", hash = "sha256:3f171fa69d5c82fa9aab76d66abd5f59da69135c37d6ae5bf7557f1b154cb08d"},
    {file = "pytest_profiling-1.8.1-py3-none-any.whl", hash = "sha256:3dd8713a96298b42d83de8f5951df3ada3e61b3e5d2a06956684175529e17aea"},
]

[[package]]
name = "regex"
version = "2026.5.9"
summary = ""
files = [
    {file = "regex-2026.5.9-cp311-cp311-macosx_10_9_universal2.whl", hash = "sha256:ccf5249114cc3e772ecdd88a98a86eca0fd74c61ce32a94743758c083fc05d48"},
    {file = "regex-2026.5.9-cp311-cp311-macosx_10_9_x86_64.whl", hash = "sha256:46f1326ca6e65b0879d23ca302c0f2415aad42ff0309b9c818e7949fe19a41d8"},
    {file = "regex-2026.5.9-cp311-cp311-macosx_11_0_arm64.whl", hash = "sha256:ef31cbfe458e21c6122ba8150ff060e0c7789ed0d26eb423f25472584920b555"},
    {file = "regex-2026.5.9-cp311-cp311-manylinux2014_aarch64.manylinux_2_17_aarch64.manylinux_2_28_aarch64.whl", hash = "sha256:992604d02e6d9c6d786c24a706a71ecffe1020fc1ef264044474cd81fa2c3919"},
    {file = "regex-2026.5.9-cp311-cp311-manylinux2014_ppc64le.manylinux_2_17_ppc64le.manylinux_2_28_ppc64le.whl", hash = "sha256:c9411dd64ca95477225734a93dfc8583b51916b8d5942f99d6cac21e09965451"},
    {file = "regex-2026.5.9-cp311-cp311-manylinux2014_s390x.manylinux_2_17_s390x.manylinux_2_28_s390x.whl", hash = "sha256:3dd4a3ff360dfb836fecdb93a4598f9d6e2ac81e3e397125145c6221bf58cf4c"},
    {file = "regex-2026.5.9-cp311-cp311-manylinux2014_x86_64.manylinux_2_17_x86_64.manylinux_2_28_x86_64.whl", hash = "sha256:2a661a7d270a61f7cf460caee8b9fa2d5ef9e5c681234bcb9e0fe14f488e7dfc"},
    {file = "regex-2026.5.9-cp311-cp311-manylinux_2_31_riscv64.manylinux_2_39_riscv64.whl", hash = "sha256:f079e50a0d3cc3cd5091fa9ff45869a2e6b2cd35895731edafb0327901a8d86d"},
    {file = "regex-2026.5.9-cp311-cp311-musllinux_1_2_aarch64.whl", hash = "sha256:4ebe8f0b5ec5a5024dc4a4c59f444c4e9afc5f2abdbb8962065b75d27fb971f9"},
    {file = "regex-2026.5.9-cp311-cp311-musllinux_1_2_ppc64le.whl", hash = "sha256:97cf3bc1b7d7d2306772ec07366c80d9df00ff79e79cea32898883a646d2fae2"},
    {file = "regex-2026.5.9-cp311-cp311-musllinux_1_2_riscv64.whl", hash = "sha256:0f9eede6a5cbdc02d4978090186390936e1776a7d1359b21e41014c609880bcf"},
    {file = "regex-2026.5.9-cp311-cp311-musllinux_1_2_s390x.whl", hash = "sha256:01f0f5f55f4b64dacec85dc116d3c05fd23ad3ff037bbc73a2085775953c2611"},
    {file = "regex-2026.5.9-cp311-cp311-musllinux_1_2_x86_64.whl", hash = "sha256:1268eddd8486dc561d08eee1156e40aa3a8fe10f4bdec8fa653b455fcbffd12c"},
    {file = "regex-2026.5.9-cp311-cp311-win32.whl", hash = "sha256:8676474c07469d6f33dd1085ca2cd45f65785f32518f2b20e36d9953ca07f994"},
    {file = "regex-2026.5.9-cp311-cp311-win_amd64.whl", hash = "sha256:246de9d60aa3f8538b519834dd95cbf276ea263d6a7bd5a3666dc3fa0230505b"},
    {file = "regex-2026.5.9-cp311-cp311-win_arm64.whl", hash = "sha256:d726ca3f0d76969bf1e8e477d160d3d666bbf999f6860bd314889e5345782046"},
    {file = "regex-2026.5.9-cp312-cp312-macosx_10_13_universal2.whl", hash = "sha256:57eeeb05db7979413dec5438f2db21d7ecbba787cde7a711df1a6f6df672aa06"},
    {file = "regex-2026.5.9-cp312-cp312-macosx_10_13_x86_64.whl", hash = "sha256:398c521292f4c7fb807001dcd54694d3a1fcafc179a36ad9cc56f98df85930b6"},
    {file = "regex-2026.5.9-cp312-cp312-macosx_11_0_arm64.whl", hash = "sha256:f7a7c26137296beba7784de6eba69c6a93a63ccebc385e4962fe67e267a91225"},
    {file = "regex-2026.5.9-cp312-cp312-manylinux2014_aarch64.manylinux_2_17_aarch64.manylinux_2_28_aarch64.whl", hash = "sha256:6441cc660d76107934a09c22167200839a0e89604a6297f78a974e66e931d2c0"},
    {file = "regex-2026.5.9-cp312-cp312-manylinux2014_ppc64le.manylinux_2_17_ppc64le.manylinux_2_28_ppc64le.whl", hash = "sha256:91328f1c23d47595ca3ef0a7557fa129c5a23404b775c770697d2f35b33e0107"},
    {file = "regex-2026.5.9-cp312-cp312-manylinux2014_s390x.manylinux_2_17_s390x.manylinux_2_28_s390x.whl", hash = "sha256:93a7860539414dddaefba2b40f8771765ae17949d4c7182b876ce429e11a8309"},
    {file = "regex-2026.5.9-cp312-cp312-manylinux2014_x86_64.manylinux_2_17_x86_64.manylinux_2_28_x86_64.whl", hash = "sha256:dd2810d22146b6d838acc5ec15602cb6b47920aa4e33015df3868eedfd20bab8"},
    {file = "regex-2026.5.9-cp312-cp312-manylinux_2_31_riscv64.manylinux_2_39_riscv64.whl", hash = "sha256:daff2bdbaf1d23e52fdff7c0b7bc2048b68f978df6a4d107ac981f94caef2e66"},
    {file = "regex-2026.5.9-cp312-cp312-musllinux_1_2_aarch64.whl", hash = "sha256:4eeb011098fcb77af513dcef521a3dbecbf8849b1e38940759d293b7a93f5026"},
    {file = "regex-2026.5.9-cp312-cp312-musllinux_1_2_ppc64le.whl", hash = "sha256:ea9c8ecfa1b73c73b626534d6626e5340d429630943672b8480724f44e84b962"},
    {file = "regex-2026.5.9-cp312-cp312-musllinux_1_2_riscv64.whl", hash = "sha256:cd2846168eb9ee3c513902bc8225409cb1caab31d04728b145171fa1625d9621"},
    {file = "regex-2026.5.9-cp312-cp312-musllinux_1_2_s390x.whl", hash = "sha256:39617fb0cde9c0e6306dc70e3bfc096f3da793219879f7ae7aa341a69fbdcf6d"},
    {file = "regex-2026.5.9-cp312-cp312-musllinux_1_2_x86_64.whl", hash = "sha256:fd03c4f0e33280d15cae17159b899245d6b7c53d21def19b263b39655061f5ce"},
    {file = "regex-2026.5.9-cp312-cp312-win32.whl", hash = "sha256:164eba9b755ea6f244b0d881196fbc1fac09714e9782c9e2732b813142033c8e"},
    {file = "regex-2026.5.9-cp312-cp312-win_amd64.whl", hash = "sha256:86f40a5d6444db30a125c9c9177e6b25dad981cbc37451fd838f145e6edac92e"},
    {file = "regex-2026.5.9-cp312-cp312-win_arm64.whl", hash = "sha256:96f5f58b54a063d7ea9dca08e1cf57bfe10499c4d579ee672da284f57f5f0070"},
    {file = "regex-2026.5.9-cp313-cp313-macosx_10_13_universal2.whl", hash = "sha256:d626b84406444b165fc0ba981604edea39f0588ff1f92baa23fe50799ea9afdb"},
    {file = "regex-2026.5.9-cp313-cp313-macosx_10_13_x86_64.whl", hash = "sha256:d7bdc0ab8f3dd7e1b4f9ab88634e13374669db86bb3c72e8292f07ae313f539f"},
    {file = "regex-2026.5.9-cp313-cp313-macosx_11_0_arm64.whl", hash = "sha256:a8820737949116ffff55fe18f9fc644530063ba6ebfcb8314239416e78f1347c"},
    {file = "regex-2026.5.9-cp313-cp313-manylinux2014_aarch64.manylinux_2_17_aarch64.manylinux_2_28_aarch64.whl", hash = "sha256:aa0fbdbac82cb3e4450d0ccde7d7a35607f4cb2dd9fba4b8b69bfaf8c9fa6aed"},
    {file = "regex-2026.5.9-cp313-cp313-manylinux2014_ppc64le.manylinux_2_17_ppc64le.manylinux_2_28_ppc64le.whl", hash = "sha256:57e8915c7986aa33d25e4d3629cef711cd2863f2961b10409f0c04cb8b7d9020"},
    {file = "regex-2026.5.9-cp313-cp313-manylinux2014_s390x.manylinux_2_17_s390x.manylinux_2_28_s390x.whl", hash = "sha256:508f56a89ba9cb26e4168cbc37dbd60a28d82430a9e18ad1d25fe0883c314ca2"},
    {file = "regex-2026.5.9-cp313-cp313-manylinux2014_x86_64.manylinux_2_17_x86_64.manylinux_2_28_x86_64.whl", hash = "sha256:b6d189041f15691cfa2b6c4290448ec221244d225b3f5fe9e7771b34ffcdf6e2"},
    {file = "regex-2026.5.9-cp313-cp313-manylinux_2_31_riscv64.manylinux_2_39_riscv64.whl", hash = "sha256:e82db382b44d0111b22601c509c89f64434816c9e0eef9d1989cda8cc6ff1c04"},
    {file = "regex-2026.5.9-cp313-cp313-musllinux_1_2_aarch64.whl", hash = "sha256:2acfb48634f64996b57f90f39afa692ff362162722581921fe92239a59960f3c"},
    {file = "regex-2026.5.9-cp313-cp313-musllinux_1_2_ppc64le.whl", hash = "sha256:d29eebfc9525db68cad3c97eedd7f754fa265aa5cd0cf4f863b2421e1b48fc9f"},
    {file = "regex-2026.5.9-cp313-cp313-musllinux_1_2_riscv64.whl", hash = "sha256:debb893095e944091c16e641a6e33c1b0f4cb61ab945ec5afbf53ce7068834d8"},
    {file = "regex-2026.5.9-cp313-cp313-musllinux_1_2_s390x.whl", hash = "sha256:d659eee77986549c9ea45b861c7567e44d6287c3dc9a4565478853f7b9fe2ff6"},
    {file = "regex-2026.5.9-cp313-cp313-musllinux_1_2_x86_64.whl", hash = "sha256:2efa205e6d98b24d1f3ab395c11aa15cdf10935bca283d0285e0499c284fba21"},
    {file = "regex-2026.5.9-cp313-cp313-win32.whl", hash = "sha256:f3844f134e834076677dd369976e9f5068679fcb8e50102fdf6b7ac96a3ec127"},
    {file = "regex-2026.5.9-cp313-cp313-win_amd64.whl", hash = "sha256:3527bb4942d2c14552155406cdedd906567456821848aed1cb4933a391bf5eca"},
    {file = "regex-2026.5.9-cp313-cp313-win_arm64.whl", hash = "sha256:56a33f191f17d8c417f99945ebdc1e691d3af9605d86ec68c7e54a57e3e17af6"},
    {file = "regex-2026.5.9-cp313-cp313t-macosx_10_13_universal2.whl", hash = "sha256:01f28d868834624c934b8d2e0aa1c8341337e37831f4a012f18a5afcba4cbaf3"},
    {file = "regex-2026.5.9-cp313-cp313t-macosx_10_13_x86_64.whl", hash = "sha256:48036f6374aaa79eb3b754ec29c61d1c6b1606749d705a13f8854fa2539671f6"},
    {file = "regex-2026.5.9-cp313-cp313t-macosx_11_0_arm64.whl", hash = "sha256:b96350aa424e79d4fd6b567b344dcbe2b2d6bfc48dfe7717587e1fa6d43da6ff"},
    {file = "regex-2026.5.9-cp313-cp313t-manylinux2014_aarch64.manylinux_2_17_aarch64.manylinux_2_28_aarch64.whl", hash = "sha256:8f3af7a4903c5c04a11a196a5aa75cdd7dd3f8508132f9fb3259d9f5908e3b88"},
    {file = "regex-2026.5.9-cp313-cp313t-manylinux2014_ppc64le.manylinux_2_17_ppc64le.manylinux_2_28_ppc64le.whl", hash = "sha256:7e87577720152d2caae19fe2baaf1f8d5ca12091e9e229f03915c37d1e4b9178"},
    {file = "regex-2026.5.9-cp313-cp313t-manylinux2014_s390x.manylinux_2_17_s390x.manylinux_2_28_s390x.whl", hash = "sha256:c8b9b9d294cfea3cd19c718ade7cc93492b2c4991abd9a68d0b3477ae6d8e100"},
    {file = "regex-2026.5.9-cp313-cp313t-manylinux2014_x86_64.manylinux_2_17_x86_64.manylinux_2_28_x86_64.whl", hash = "sha256:728d8bfd28a8845c8b6bc5dc7ce010453d206396786c0765c2740cb65f37791e"},
    {file = "regex-2026.5.9-cp313-cp313t-manylinux_2_31_riscv64.manylinux_2_39_riscv64.whl", hash = "sha256:7e30b874d341fac767d7df5a0870540541c2c054b80cfaac116e8d367a8a7ff2"},
    {file = "regex-2026.5.9-cp313-cp313t-musllinux_1_2_aarch64.whl", hash = "sha256:fd190e88a895a8901325fad284a3f74ea52b1da8525b76cc811fa9b1edf0ce2b"},
    {file = "regex-2026.5.9-cp313-cp313t-musllinux_1_2_ppc64le.whl", hash = "sha256:8e76e8161ad00694cfce6767d5dea860c6391ac5b83e5c3a39661e696f11fc7e"},
    {file = "regex-2026.5.9-cp313-cp313t-musllinux_1_2_riscv64.whl", hash = "sha256:ddda5340e6c01a293027dd46232fa79eaff1b48058ce7a98f572b6445b088041"},
    {file = "regex-2026.5.9-cp313-cp313t-musllinux_1_2_s390x.whl", hash = "sha256:205109e96b3cf5adf8f4cd62bedde9487feb282b9497a3535451e5a24cd706a0"},
    {file = "regex-2026.5.9-cp313-cp313t-musllinux_1_2_x86_64.whl", hash = "sha256:dfbe4579b9f08036aa7d101d1835437a20783574ac66327e6b29b4018a138081"},
    {file = "regex-2026.5.9-cp313-cp313t-win32.whl", hash = "sha256:ed2c9e8068b614c574d8d30e543d617cf5379b0535d46f97ef00e904745a08b5"},
    {file = "regex-2026.5.9-cp313-cp313t-win_amd64.whl", hash = "sha256:b46b0f094dc1d3b90356c85a0bd2c9bafc4a6a190b9d6f8ddd5a033b6e088ed4"},
    {file = "regex-2026.5.9-cp313-cp313t-win_arm64.whl", hash = "sha256:872acc074bd29ffc9913ecdfedf6ea77502312ca44a4aa0d3779089c6069d8de"},
    {file = "regex-2026.5.9-cp314-cp314-macosx_10_13_universal2.whl", hash = "sha256:1bd7587a2948b4085195d5a3374eaf4a425dc3e55784c038175355ecf3bbbf8a"},
    {file = "regex-2026.5.9-cp314-cp314-macosx_10_13_x86_64.whl", hash = "sha256:dea2e88e1cce4522496cce630e11e67b98b7076620bc4336c3f674bc21a375f4"},
    {file = "regex-2026.5.9-cp314-cp314-macosx_11_0_arm64.whl", hash = "sha256:2099f7e7ff7b6aa3192312650a56e91cc091e49d50b04e4f6f8b6e28b3b27f1c"},
    {file = "regex-2026.5.9-cp314-cp314-manylinux2014_aarch64.manylinux_2_17_aarch64.manylinux_2_28_aarch64.whl", hash = "sha256:ecd353045824e4477562a2ac718c25799cdaaa41f7aa925a806a8a3e6848a5b9"},
    {file = "regex-2026.5.9-cp314-cp314-manylinux2014_ppc64le.manylinux_2_17_ppc64le.manylinux_2_28_ppc64le.whl", hash = "sha256:65c8c8c37377794bd5b2f3ebe51919042bf17aec802e23c833d89782ed0c78af"},
    {file = "regex-2026.5.9-cp314-cp314-manylinux2014_s390x.manylinux_2_17_s390x.manylinux_2_28_s390x.whl", hash = "sha256:5b73ab8afcf66c622db143d1c6fda4e58e4d537ee4f125229ad47b1ab80f34c0"},
    {file = "regex-2026.5.9-cp314-cp314-manylinux2014_x86_64.manylinux_2_17_x86_64.manylinux_2_28_x86_64.whl", hash = "sha256:0de5cf193997384ed2ca6f1cd4f78055b255d93d82d5a8cd6ba0d11c10b167e4"},
    {file = "regex-2026.5.9-cp314-cp314-manylinux_2_31_riscv64.manylinux_2_39_riscv64.whl", hash = "sha256:d641a8c9a61618047796d572a39a79b26167b0411d2c3031937b2fe2d081e2cf"},
    {file = "regex-2026.5.9-cp314-cp314-musllinux_1_2_aarch64.whl", hash = "sha256:24b2355ef5cc9aa5b8f07d17704face1c166fdcc2290fa7bd6e6c925655a8346"},
    {file = "regex-2026.5.9-cp314-cp314-musllinux_1_2_ppc64le.whl", hash = "sha256:a24852d3c29ad9e47593593d8a247c44ccc3d0548ef12c822d6ed0810affe676"},
    {file = "regex-2026.5.9-cp314-cp314-musllinux_1_2_riscv64.whl", hash = "sha256:916714069da19329ef7de197dcbc77bb3104145c7c2c864dbfbe318f46b88b14"},
    {file = "regex-2026.5.9-cp314-cp314-musllinux_1_2_s390x.whl", hash = "sha256:fa411799ca8da32a8d38d020a88faa5b6f91657d284761352940ecf9f7c3bbdd"},
    {file = "regex-2026.5.9-cp314-cp314-musllinux_1_2_x86_64.whl", hash = "sha256:1e6da47d679b7010ef27556b6e0f99771b744936db1792a10ceac6547ae1503e"},
    {file = "regex-2026.5.9-cp314-cp314-win32.whl", hash = "sha256:98bd73080e8756255137e1bd3f3f00295bbc5aa383c0e0f973920e9134d7c4ad"},
    {file = "regex-2026.5.9-cp314-cp314-win_amd64.whl", hash = "sha256:ff8d372ac2acdc048d1c19916f27ee61bc5722728458ba6ca5052f2c72d51763"},
    {file = "regex-2026.5.9-cp314-cp314-win_arm64.whl", hash = "sha256:e1d93bf647916292e8edcec150c07ddf3dc50179ccaf770c04a7f9e452155372"},
    {file = "regex-2026.5.9-cp314-cp314t-macosx_10_13_universal2.whl", hash = "sha256:83d0ee4a57d1c87cb549e195ec300b8f0ec3a82eba66d835e4e2ed8634fe4499"},
    {file = "regex-2026.5.9-cp314-cp314t-macosx_10_13_x86_64.whl", hash = "sha256:d3d7eb5c9a7f6df82ed3cfac9beb93882a5cbcb5b8b157b56cb2b3b276574ac1"},
    {file = "regex-2026.5.9-cp314-cp314t-macosx_11_0_arm64.whl", hash = "sha256:075160bf16658e16d35233300b8453aac25de4cbea808d22348b6979668e924d"},
    {file = "regex-2026.5.9-cp314-cp314t-manylinux2014_aarch64.manylinux_2_17_aarch64.manylinux_2_28_aarch64.whl", hash = "sha256:45375819235558a4ff1c4971dc32881f022613abdb180128f5cb4768c1765a1c"},
    {file = "regex-2026.5.9-cp314-cp314t-manylinux2014_ppc64le.manylinux_2_17_ppc64le.manylinux_2_28_ppc64le.whl", hash = "sha256:ead4b163ac30a29574510cd4b3e2e985ac5290c05fc7095557d6a5f403fc31b5"},
    {file = "regex-2026.5.9-cp314-cp314t-manylinux2014_s390x.manylinux_2_17_s390x.manylinux_2_28_s390x.whl", hash = "sha256:8c6e4218fbdfbcd4f6c19efca40930d24a621bf4b48cb76bc6640543bd28ef20"},
    {file = "regex-2026.5.9-cp314-cp314t-manylinux2014_x86_64.manylinux_2_17_x86_64.manylinux_2_28_x86_64.whl", hash = "sha256:6351571c8a42b505eb555c0dc47d740d0fb66977dc142919eea6f4325b7c56a0"},
    {file = "regex-2026.5.9-cp314-cp314t-manylinux_2_31_riscv64.manylinux_2_39_riscv64.whl", hash = "sha256:002205cafd2a9e78c6290c7d1df277bf3277b3b7a30e0b4bb0dac2e2e3f7cb2d"},
    {file = "regex-2026.5.9-cp314-cp314t-musllinux_1_2_aarch64.whl", hash = "sha256:8abd33fef90b2a9efac5557d6033ca82d1195ed3a15fea5af15ba7b463c6a63b"},
    {file = "regex-2026.5.9-cp314-cp314t-musllinux_1_2_ppc64le.whl", hash = "sha256:31037c82eccb44b7ea2e9e221d7c01429430e989a1f4b91ea5a855f6017b509a"},
    {file = "regex-2026.5.9-cp314-cp314t-musllinux_1_2_riscv64.whl", hash = "sha256:5604dfd046dc37eca90250fc3be938b076c8059fa772ac0ed6f499b0f0fb0415"},
    {file = "regex-2026.5.9-cp314-cp314t-musllinux_1_2_s390x.whl", hash = "sha256:0e1b1b4e496afbb24f4a62aba855ee4f88f25578927697b340702e48c9ee6bc2"},
    {file = "regex-2026.5.9-cp314-cp314t-musllinux_1_2_x86_64.whl", hash = "sha256:be3372b9df6ddecff6486d37e19095a7b4973137caf5512407a89f4455361f41"},
    {file = "regex-2026.5.9-cp314-cp314t-win32.whl", hash = "sha256:3ddd90103f9e5c471c49c7852ecc1fe27c7e45eb99e977aefe7caa4e779f4f58"},
    {file = "regex-2026.5.9-cp314-cp314t-win_amd64.whl", hash = "sha256:ca518ed29c46eecba6010b15f1b9a479314d2de409536e71b6a13aa04e3b8a77"},
    {file = "regex-2026.5.9-cp314-cp314t-win_arm64.whl", hash = "sha256:5e41809d2683fcde7d5a8c87a6567ba1fb1ce0de9f31bff578de00a4b2d76daa"},
    {file = "regex-2026.5.9.tar.gz", hash = "sha256:a8234aa23ec39894bfe4a3f1b85616a7032481964a13ac6fc9f10de4f6fca270"},
]

[[package]]
name = "six"
version = "1.17.0"
summary = ""
files = [
    {file = "six-1.17.0-py2.py3-none-any.whl", hash = "sha256:4721f391ed90541fddacab5acf947aa0d3dc7d27b2e1e8eda2be8970586c3274"},
    {file = "six-1.17.0.tar.gz", hash = "sha256:ff70335d468e7eb6ec65b95b99d3a2836546063f63acc5171de367e834932a81"},
]

[[package]]
name = "tqdm"
version = "4.67.3"
summary = ""
dependencies = [
    "colorama; sys_platform == \"win32\"",
]
files = [
    {file = "tqdm-4.67.3-py3-none-any.whl", hash = "sha256:ee1e4c0e59148062281c49d80b25b67771a127c85fc9676d3be5f243206826bf"},
    {file = "tqdm-4.67.3.tar.gz", hash = "sha256:7d825f03f89244ef73f1d4ce193cb1774a8179fd96f31d7e1dcde62092b960bb"},
]
